
Microsoft Visual Studio Solution File, Format Version 12.00
# Visual Studio Version 17
VisualStudioVersion = 17.9.34728.123
MinimumVisualStudioVersion = 10.0.40219.1
Project("{FAE04EC0-301F-11D3-BF4B-00C04F79EFBC}") = "presentacion", "presentacion\presentacion.csproj", "{52F9AB5E-95B3-415A-BBE4-5903A4B3DFB1}"
EndProject
Project("{FAE04EC0-301F-11D3-BF4B-00C04F79EFBC}") = "logica", "logica\logica.csproj", "{E68B7AEA-8CF1-4839-B17A-DB417B2EBEC1}"
EndProject
Global
	GlobalSection(SolutionConfigurationPlatforms) = preSolution
		Debug|Any CPU = Debug|Any CPU
		Release|Any CPU = Release|Any CPU
	EndGlobalSection
	GlobalSection(ProjectConfigurationPlatforms) = postSolution
		{52F9AB5E-95B3-415A-BBE4-5903A4B3DFB1}.Debug|Any CPU.ActiveCfg = Debug|Any CPU
		{52F9AB5E-95B3-415A-BBE4-5903A4B3DFB1}.Debug|Any CPU.Build.0 = Debug|Any CPU
		{52F9AB5E-95B3-415A-BBE4-5903A4B3DFB1}.Release|Any CPU.ActiveCfg = Release|Any CPU
		{52F9AB5E-95B3-415A-BBE4-5903A4B3DFB1}.Release|Any CPU.Build.0 = Release|Any CPU
		{E68B7AEA-8CF1-4839-B17A-DB417B2EBEC1}.Debug|Any CPU.ActiveCfg = Debug|Any CPU
		{E68B7AEA-8CF1-4839-B17A-DB417B2EBEC1}.Debug|Any CPU.Build.0 = Debug|Any CPU
		{E68B7AEA-8CF1-4839-B17A-DB417B2EBEC1}.Release|Any CPU.ActiveCfg = Release|Any CPU
		{E68B7AEA-8CF1-4839-B17A-DB417B2EBEC1}.Release|Any CPU.Build.0 = Release|Any CPU
	EndGlobalSection
	GlobalSection(SolutionProperties) = preSolution
		HideSolutionNode = FALSE
	EndGlobalSection
	GlobalSection(ExtensibilityGlobals) = postSolution
		SolutionGuid = {B363C1BA-0E46-4A51-A65D-6403C8BB7E7E}
	EndGlobalSection
EndGlobal
